
Microsoft Visual Studio Solution File, Format Version 12.00
# Visual Studio Version 17
VisualStudioVersion = 17.6.33723.286
MinimumVisualStudioVersion = 10.0.40219.1
Project("{FAE04EC0-301F-11D3-BF4B-00C04F79EFBC}") = "Lab 1.1MS", "Lab 1 MS\Lab 1.1MS.csproj", "{FF3EB761-E758-4EDC-BCA3-449320460F5E}"
EndProject
Global
	GlobalSection(SolutionConfigurationPlatforms) = preSolution
		Debug|Any CPU = Debug|Any CPU
		Release|Any CPU = Release|Any CPU
	EndGlobalSection
	GlobalSection(ProjectConfigurationPlatforms) = postSolution
		{FF3EB761-E758-4EDC-BCA3-449320460F5E}.Debug|Any CPU.ActiveCfg = Debug|Any CPU
		{FF3EB761-E758-4EDC-BCA3-449320460F5E}.Debug|Any CPU.Build.0 = Debug|Any CPU
		{FF3EB761-E758-4EDC-BCA3-449320460F5E}.Release|Any CPU.ActiveCfg = Release|Any CPU
		{FF3EB761-E758-4EDC-BCA3-449320460F5E}.Release|Any CPU.Build.0 = Release|Any CPU
	EndGlobalSection
	GlobalSection(SolutionProperties) = preSolution
		HideSolutionNode = FALSE
	EndGlobalSection
	GlobalSection(ExtensibilityGlobals) = postSolution
		SolutionGuid = {34E0B99B-87FC-408F-B65E-BD0C1DF56EF7}
	EndGlobalSection
EndGlobal
